
Microsoft Visual Studio Solution File, Format Version 12.00
# Visual Studio Version 16
VisualStudioVersion = 16.0.32126.315
MinimumVisualStudioVersion = 10.0.40219.1
Project("{FAE04EC0-301F-11D3-BF4B-00C04F79EFBC}") = "ConsoleApp3", "ConsoleApp3\ConsoleApp3.csproj", "{3C1084B1-ED9A-420C-9BF6-0ACC2A32B34D}"
EndProject
Global
	GlobalSection(SolutionConfigurationPlatforms) = preSolution
		Debug|Any CPU = Debug|Any CPU
		Release|Any CPU = Release|Any CPU
	EndGlobalSection
	GlobalSection(ProjectConfigurationPlatforms) = postSolution
		{3C1084B1-ED9A-420C-9BF6-0ACC2A32B34D}.Debug|Any CPU.ActiveCfg = Debug|Any CPU
		{3C1084B1-ED9A-420C-9BF6-0ACC2A32B34D}.Debug|Any CPU.Build.0 = Debug|Any CPU
		{3C1084B1-ED9A-420C-9BF6-0ACC2A32B34D}.Release|Any CPU.ActiveCfg = Release|Any CPU
		{3C1084B1-ED9A-420C-9BF6-0ACC2A32B34D}.Release|Any CPU.Build.0 = Release|Any CPU
	EndGlobalSection
	GlobalSection(SolutionProperties) = preSolution
		HideSolutionNode = FALSE
	EndGlobalSection
	GlobalSection(ExtensibilityGlobals) = postSolution
		SolutionGuid = {F6919E7C-F1F6-40B2-8CE9-3AEF413CFBBE}
	EndGlobalSection
EndGlobal
